// !$*UTF8*$!
{
	archiveVersion = 1;
	classes = {
	};
	objectVersion = 50;
	objects = {

/* Begin PBXBuildFile section */
		389AF5C422014C3400DB5736 /* 1234.mp3 in Resources */ = {isa = PBXBuildFile; fileRef = 389AF5C322014C3400DB5736 /* 1234.mp3 */; };
		389AF5C92201830A00DB5736 /* AUGraphMixerV2.m in Sources */ = {isa = PBXBuildFile; fileRef = 389AF5C82201830A00DB5736 /* AUGraphMixerV2.m */; };
		38F4040821FED2ED006F9E43 /* AppDelegate.m in Sources */ = {isa = PBXBuildFile; fileRef = 38F4040721FED2ED006F9E43 /* AppDelegate.m */; };
		38F4040B21FED2ED006F9E43 /* ViewController.m in Sources */ = {isa = PBXBuildFile; fileRef = 38F4040A21FED2ED006F9E43 /* ViewController.m */; };
		38F4040E21FED2ED006F9E43 /* Main.storyboard in Resources */ = {isa = PBXBuildFile; fileRef = 38F4040C21FED2ED006F9E43 /* Main.storyboard */; };
		38F4041021FED2EE006F9E43 /* Assets.xcassets in Resources */ = {isa = PBXBuildFile; fileRef = 38F4040F21FED2EE006F9E43 /* Assets.xcassets */; };
		38F4041321FED2EE006F9E43 /* LaunchScreen.storyboard in Resources */ = {isa = PBXBuildFile; fileRef = 38F4041121FED2EE006F9E43 /* LaunchScreen.storyboard */; };
		38F4041621FED2EE006F9E43 /* main.m in Sources */ = {isa = PBXBuildFile; fileRef = 38F4041521FED2EE006F9E43 /* main.m */; };
		38F4042121FED916006F9E43 /* TFAudioFileWriter.m in Sources */ = {isa = PBXBuildFile; fileRef = 38F4042021FED916006F9E43 /* TFAudioFileWriter.m */; };
		38F4042521FED9B5006F9E43 /* TFAudioBufferData.c in Sources */ = {isa = PBXBuildFile; fileRef = 38F4042321FED9B4006F9E43 /* TFAudioBufferData.c */; };
		38F4042F21FEDB2F006F9E43 /* TFAudioFileReader.m in Sources */ = {isa = PBXBuildFile; fileRef = 38F4042D21FEDB2E006F9E43 /* TFAudioFileReader.m */; };
		38F4043221FEDB48006F9E43 /* TFAudioOutput.m in Sources */ = {isa = PBXBuildFile; fileRef = 38F4043021FEDB48006F9E43 /* TFAudioOutput.m */; };
		38F4043621FEDB9A006F9E43 /* AUGraphMixer.m in Sources */ = {isa = PBXBuildFile; fileRef = 38F4043521FEDB9A006F9E43 /* AUGraphMixer.m */; };
		38F4043821FEDC28006F9E43 /* 123.mp3 in Resources */ = {isa = PBXBuildFile; fileRef = 38F4043721FEDC28006F9E43 /* 123.mp3 */; };
		38F4043E21FEDEBF006F9E43 /* TFMediaDataAnalyzer.m in Sources */ = {isa = PBXBuildFile; fileRef = 38F4043D21FEDEBF006F9E43 /* TFMediaDataAnalyzer.m */; };
		38F4044121FEE549006F9E43 /* TFAudioUnitPlayer.m in Sources */ = {isa = PBXBuildFile; fileRef = 38F4043F21FEE549006F9E43 /* TFAudioUnitPlayer.m */; };
/* End PBXBuildFile section */

/* Begin PBXFileReference section */
		389AF5C322014C3400DB5736 /* 1234.mp3 */ = {isa = PBXFileReference; lastKnownFileType = audio.mp3; path = 1234.mp3; sourceTree = "<group>"; };
		389AF5C72201830A00DB5736 /* AUGraphMixerV2.h */ = {isa = PBXFileReference; lastKnownFileType = sourcecode.c.h; path = AUGraphMixerV2.h; sourceTree = "<group>"; };
		389AF5C82201830A00DB5736 /* AUGraphMixerV2.m */ = {isa = PBXFileReference; lastKnownFileType = sourcecode.c.objc; path = AUGraphMixerV2.m; sourceTree = "<group>"; };
		38F4040321FED2ED006F9E43 /* RecordMixerText.app */ = {isa = PBXFileReference; explicitFileType = wrapper.application; includeInIndex = 0; path = RecordMixerText.app; sourceTree = BUILT_PRODUCTS_DIR; };
		38F4040621FED2ED006F9E43 /* AppDelegate.h */ = {isa = PBXFileReference; lastKnownFileType = sourcecode.c.h; path = AppDelegate.h; sourceTree = "<group>"; };
		38F4040721FED2ED006F9E43 /* AppDelegate.m */ = {isa = PBXFileReference; lastKnownFileType = sourcecode.c.objc; path = AppDelegate.m; sourceTree = "<group>"; };
		38F4040921FED2ED006F9E43 /* ViewController.h */ = {isa = PBXFileReference; lastKnownFileType = sourcecode.c.h; path = ViewController.h; sourceTree = "<group>"; };
		38F4040A21FED2ED006F9E43 /* ViewController.m */ = {isa = PBXFileReference; lastKnownFileType = sourcecode.c.objc; path = ViewController.m; sourceTree = "<group>"; };
		38F4040D21FED2ED006F9E43 /* Base */ = {isa = PBXFileReference; lastKnownFileType = file.storyboard; name = Base; path = Base.lproj/Main.storyboard; sourceTree = "<group>"; };
		38F4040F21FED2EE006F9E43 /* Assets.xcassets */ = {isa = PBXFileReference; lastKnownFileType = folder.assetcatalog; path = Assets.xcassets; sourceTree = "<group>"; };
		38F4041221FED2EE006F9E43 /* Base */ = {isa = PBXFileReference; lastKnownFileType = file.storyboard; name = Base; path = Base.lproj/LaunchScreen.storyboard; sourceTree = "<group>"; };
		38F4041421FED2EE006F9E43 /* Info.plist */ = {isa = PBXFileReference; lastKnownFileType = text.plist.xml; path = Info.plist; sourceTree = "<group>"; };
		38F4041521FED2EE006F9E43 /* main.m */ = {isa = PBXFileReference; lastKnownFileType = sourcecode.c.objc; path = main.m; sourceTree = "<group>"; };
		38F4041F21FED916006F9E43 /* TFAudioFileWriter.h */ = {isa = PBXFileReference; fileEncoding = 4; lastKnownFileType = sourcecode.c.h; path = TFAudioFileWriter.h; sourceTree = "<group>"; };
		38F4042021FED916006F9E43 /* TFAudioFileWriter.m */ = {isa = PBXFileReference; fileEncoding = 4; lastKnownFileType = sourcecode.c.objc; path = TFAudioFileWriter.m; sourceTree = "<group>"; };
		38F4042221FED987006F9E43 /* TFAudioInput.h */ = {isa = PBXFileReference; fileEncoding = 4; lastKnownFileType = sourcecode.c.h; path = TFAudioInput.h; sourceTree = "<group>"; };
		38F4042321FED9B4006F9E43 /* TFAudioBufferData.c */ = {isa = PBXFileReference; fileEncoding = 4; lastKnownFileType = sourcecode.c.c; path = TFAudioBufferData.c; sourceTree = "<group>"; };
		38F4042421FED9B4006F9E43 /* TFAudioBufferData.h */ = {isa = PBXFileReference; fileEncoding = 4; lastKnownFileType = sourcecode.c.h; path = TFAudioBufferData.h; sourceTree = "<group>"; };
		38F4042621FEDA19006F9E43 /* TFStatusChecker.h */ = {isa = PBXFileReference; fileEncoding = 4; lastKnownFileType = sourcecode.c.h; path = TFStatusChecker.h; sourceTree = "<group>"; };
		38F4042D21FEDB2E006F9E43 /* TFAudioFileReader.m */ = {isa = PBXFileReference; fileEncoding = 4; lastKnownFileType = sourcecode.c.objc; path = TFAudioFileReader.m; sourceTree = "<group>"; };
		38F4042E21FEDB2E006F9E43 /* TFAudioFileReader.h */ = {isa = PBXFileReference; fileEncoding = 4; lastKnownFileType = sourcecode.c.h; path = TFAudioFileReader.h; sourceTree = "<group>"; };
		38F4043021FEDB48006F9E43 /* TFAudioOutput.m */ = {isa = PBXFileReference; fileEncoding = 4; lastKnownFileType = sourcecode.c.objc; path = TFAudioOutput.m; sourceTree = "<group>"; };
		38F4043121FEDB48006F9E43 /* TFAudioOutput.h */ = {isa = PBXFileReference; fileEncoding = 4; lastKnownFileType = sourcecode.c.h; path = TFAudioOutput.h; sourceTree = "<group>"; };
		38F4043321FEDB6B006F9E43 /* TFAudioReader.h */ = {isa = PBXFileReference; fileEncoding = 4; lastKnownFileType = sourcecode.c.h; path = TFAudioReader.h; sourceTree = "<group>"; };
		38F4043421FEDB9A006F9E43 /* AUGraphMixer.h */ = {isa = PBXFileReference; fileEncoding = 4; lastKnownFileType = sourcecode.c.h; path = AUGraphMixer.h; sourceTree = "<group>"; };
		38F4043521FEDB9A006F9E43 /* AUGraphMixer.m */ = {isa = PBXFileReference; fileEncoding = 4; lastKnownFileType = sourcecode.c.objc; path = AUGraphMixer.m; sourceTree = "<group>"; };
		38F4043721FEDC28006F9E43 /* 123.mp3 */ = {isa = PBXFileReference; lastKnownFileType = audio.mp3; path = 123.mp3; sourceTree = "<group>"; };
		38F4043C21FEDEBE006F9E43 /* TFMediaDataAnalyzer.h */ = {isa = PBXFileReference; fileEncoding = 4; lastKnownFileType = sourcecode.c.h; path = TFMediaDataAnalyzer.h; sourceTree = "<group>"; };
		38F4043D21FEDEBF006F9E43 /* TFMediaDataAnalyzer.m */ = {isa = PBXFileReference; fileEncoding = 4; lastKnownFileType = sourcecode.c.objc; path = TFMediaDataAnalyzer.m; sourceTree = "<group>"; };
		38F4043F21FEE549006F9E43 /* TFAudioUnitPlayer.m */ = {isa = PBXFileReference; fileEncoding = 4; lastKnownFileType = sourcecode.c.objc; path = TFAudioUnitPlayer.m; sourceTree = "<group>"; };
		38F4044021FEE549006F9E43 /* TFAudioUnitPlayer.h */ = {isa = PBXFileReference; fileEncoding = 4; lastKnownFileType = sourcecode.c.h; path = TFAudioUnitPlayer.h; sourceTree = "<group>"; };
/* End PBXFileReference section */

/* Begin PBXFrameworksBuildPhase section */
		38F4040021FED2ED006F9E43 /* Frameworks */ = {
			isa = PBXFrameworksBuildPhase;
			buildActionMask = 2147483647;
			files = (
			);
			runOnlyForDeploymentPostprocessing = 0;
		};
/* End PBXFrameworksBuildPhase section */

/* Begin PBXGroup section */
		38F403FA21FED2ED006F9E43 = {
			isa = PBXGroup;
			children = (
				38F4040521FED2ED006F9E43 /* RecordMixerText */,
				38F4040421FED2ED006F9E43 /* Products */,
			);
			sourceTree = "<group>";
		};
		38F4040421FED2ED006F9E43 /* Products */ = {
			isa = PBXGroup;
			children = (
				38F4040321FED2ED006F9E43 /* RecordMixerText.app */,
			);
			name = Products;
			sourceTree = "<group>";
		};
		38F4040521FED2ED006F9E43 /* RecordMixerText */ = {
			isa = PBXGroup;
			children = (
				38F4044021FEE549006F9E43 /* TFAudioUnitPlayer.h */,
				38F4043F21FEE549006F9E43 /* TFAudioUnitPlayer.m */,
				38F4043C21FEDEBE006F9E43 /* TFMediaDataAnalyzer.h */,
				38F4043D21FEDEBF006F9E43 /* TFMediaDataAnalyzer.m */,
				389AF5C322014C3400DB5736 /* 1234.mp3 */,
				38F4043721FEDC28006F9E43 /* 123.mp3 */,
				38F4043421FEDB9A006F9E43 /* AUGraphMixer.h */,
				38F4043521FEDB9A006F9E43 /* AUGraphMixer.m */,
				38F4043321FEDB6B006F9E43 /* TFAudioReader.h */,
				38F4043121FEDB48006F9E43 /* TFAudioOutput.h */,
				38F4043021FEDB48006F9E43 /* TFAudioOutput.m */,
				38F4042E21FEDB2E006F9E43 /* TFAudioFileReader.h */,
				38F4042D21FEDB2E006F9E43 /* TFAudioFileReader.m */,
				38F4042621FEDA19006F9E43 /* TFStatusChecker.h */,
				38F4042321FED9B4006F9E43 /* TFAudioBufferData.c */,
				38F4042421FED9B4006F9E43 /* TFAudioBufferData.h */,
				38F4042221FED987006F9E43 /* TFAudioInput.h */,
				38F4041F21FED916006F9E43 /* TFAudioFileWriter.h */,
				38F4042021FED916006F9E43 /* TFAudioFileWriter.m */,
				38F4040621FED2ED006F9E43 /* AppDelegate.h */,
				38F4040721FED2ED006F9E43 /* AppDelegate.m */,
				38F4040921FED2ED006F9E43 /* ViewController.h */,
				38F4040A21FED2ED006F9E43 /* ViewController.m */,
				38F4040C21FED2ED006F9E43 /* Main.storyboard */,
				38F4040F21FED2EE006F9E43 /* Assets.xcassets */,
				38F4041121FED2EE006F9E43 /* LaunchScreen.storyboard */,
				38F4041421FED2EE006F9E43 /* Info.plist */,
				38F4041521FED2EE006F9E43 /* main.m */,
				389AF5C72201830A00DB5736 /* AUGraphMixerV2.h */,
				389AF5C82201830A00DB5736 /* AUGraphMixerV2.m */,
			);
			path = RecordMixerText;
			sourceTree = "<group>";
		};
/* End PBXGroup section */

/* Begin PBXNativeTarget section */
		38F4040221FED2ED006F9E43 /* RecordMixerText */ = {
			isa = PBXNativeTarget;
			buildConfigurationList = 38F4041921FED2EE006F9E43 /* Build configuration list for PBXNativeTarget "RecordMixerText" */;
			buildPhases = (
				38F403FF21FED2ED006F9E43 /* Sources */,
				38F4040021FED2ED006F9E43 /* Frameworks */,
				38F4040121FED2ED006F9E43 /* Resources */,
			);
			buildRules = (
			);
			dependencies = (
			);
			name = RecordMixerText;
			productName = RecordMixerText;
			productReference = 38F4040321FED2ED006F9E43 /* RecordMixerText.app */;
			productType = "com.apple.product-type.application";
		};
/* End PBXNativeTarget section */

/* Begin PBXProject section */
		38F403FB21FED2ED006F9E43 /* Project object */ = {
			isa = PBXProject;
			attributes = {
				LastUpgradeCheck = 1010;
				ORGANIZATIONNAME = IXingTu;
				TargetAttributes = {
					38F4040221FED2ED006F9E43 = {
						CreatedOnToolsVersion = 10.1;
					};
				};
			};
			buildConfigurationList = 38F403FE21FED2ED006F9E43 /* Build configuration list for PBXProject "RecordMixerText" */;
			compatibilityVersion = "Xcode 9.3";
			developmentRegion = en;
			hasScannedForEncodings = 0;
			knownRegions = (
				en,
				Base,
			);
			mainGroup = 38F403FA21FED2ED006F9E43;
			productRefGroup = 38F4040421FED2ED006F9E43 /* Products */;
			projectDirPath = "";
			projectRoot = "";
			targets = (
				38F4040221FED2ED006F9E43 /* RecordMixerText */,
			);
		};
/* End PBXProject section */

/* Begin PBXResourcesBuildPhase section */
		38F4040121FED2ED006F9E43 /* Resources */ = {
			isa = PBXResourcesBuildPhase;
			buildActionMask = 2147483647;
			files = (
				38F4043821FEDC28006F9E43 /* 123.mp3 in Resources */,
				389AF5C422014C3400DB5736 /* 1234.mp3 in Resources */,
				38F4041321FED2EE006F9E43 /* LaunchScreen.storyboard in Resources */,
				38F4041021FED2EE006F9E43 /* Assets.xcassets in Resources */,
				38F4040E21FED2ED006F9E43 /* Main.storyboard in Resources */,
			);
			runOnlyForDeploymentPostprocessing = 0;
		};
/* End PBXResourcesBuildPhase section */

/* Begin PBXSourcesBuildPhase section */
		38F403FF21FED2ED006F9E43 /* Sources */ = {
			isa = PBXSourcesBuildPhase;
			buildActionMask = 2147483647;
			files = (
				38F4042521FED9B5006F9E43 /* TFAudioBufferData.c in Sources */,
				389AF5C92201830A00DB5736 /* AUGraphMixerV2.m in Sources */,
				38F4043E21FEDEBF006F9E43 /* TFMediaDataAnalyzer.m in Sources */,
				38F4040B21FED2ED006F9E43 /* ViewController.m in Sources */,
				38F4041621FED2EE006F9E43 /* main.m in Sources */,
				38F4040821FED2ED006F9E43 /* AppDelegate.m in Sources */,
				38F4042121FED916006F9E43 /* TFAudioFileWriter.m in Sources */,
				38F4043221FEDB48006F9E43 /* TFAudioOutput.m in Sources */,
				38F4044121FEE549006F9E43 /* TFAudioUnitPlayer.m in Sources */,
				38F4043621FEDB9A006F9E43 /* AUGraphMixer.m in Sources */,
				38F4042F21FEDB2F006F9E43 /* TFAudioFileReader.m in Sources */,
			);
			runOnlyForDeploymentPostprocessing = 0;
		};
/* End PBXSourcesBuildPhase section */

/* Begin PBXVariantGroup section */
		38F4040C21FED2ED006F9E43 /* Main.storyboard */ = {
			isa = PBXVariantGroup;
			children = (
				38F4040D21FED2ED006F9E43 /* Base */,
			);
			name = Main.storyboard;
			sourceTree = "<group>";
		};
		38F4041121FED2EE006F9E43 /* LaunchScreen.storyboard */ = {
			isa = PBXVariantGroup;
			children = (
				38F4041221FED2EE006F9E43 /* Base */,
			);
			name = LaunchScreen.storyboard;
			sourceTree = "<group>";
		};
/* End PBXVariantGroup section */

/* Begin XCBuildConfiguration section */
		38F4041721FED2EE006F9E43 /* Debug */ = {
			isa = XCBuildConfiguration;
			buildSettings = {
				ALWAYS_SEARCH_USER_PATHS = NO;
				CLANG_ANALYZER_NONNULL = YES;
				CLANG_ANALYZER_NUMBER_OBJECT_CONVERSION = YES_AGGRESSIVE;
				CLANG_CXX_LANGUAGE_STANDARD = "gnu++14";
				CLANG_CXX_LIBRARY = "libc++";
				CLANG_ENABLE_MODULES = YES;
				CLANG_ENABLE_OBJC_ARC = YES;
				CLANG_ENABLE_OBJC_WEAK = YES;
				CLANG_WARN_BLOCK_CAPTURE_AUTORELEASING = YES;
				CLANG_WARN_BOOL_CONVERSION = YES;
				CLANG_WARN_COMMA = YES;
				CLANG_WARN_CONSTANT_CONVERSION = YES;
				CLANG_WARN_DEPRECATED_OBJC_IMPLEMENTATIONS = YES;
				CLANG_WARN_DIRECT_OBJC_ISA_USAGE = YES_ERROR;
				CLANG_WARN_DOCUMENTATION_COMMENTS = YES;
				CLANG_WARN_EMPTY_BODY = YES;
				CLANG_WARN_ENUM_CONVERSION = YES;
				CLANG_WARN_INFINITE_RECURSION = YES;
				CLANG_WARN_INT_CONVERSION = YES;
				CLANG_WARN_NON_LITERAL_NULL_CONVERSION = YES;
				CLANG_WARN_OBJC_IMPLICIT_RETAIN_SELF = YES;
				CLANG_WARN_OBJC_LITERAL_CONVERSION = YES;
				CLANG_WARN_OBJC_ROOT_CLASS = YES_ERROR;
				CLANG_WARN_RANGE_LOOP_ANALYSIS = YES;
				CLANG_WARN_STRICT_PROTOTYPES = YES;
				CLANG_WARN_SUSPICIOUS_MOVE = YES;
				CLANG_WARN_UNGUARDED_AVAILABILITY = YES_AGGRESSIVE;
				CLANG_WARN_UNREACHABLE_CODE = YES;
				CLANG_WARN__DUPLICATE_METHOD_MATCH = YES;
				CODE_SIGN_IDENTITY = "iPhone Developer";
				COPY_PHASE_STRIP = NO;
				DEBUG_INFORMATION_FORMAT = dwarf;
				ENABLE_STRICT_OBJC_MSGSEND = YES;
				ENABLE_TESTABILITY = YES;
				GCC_C_LANGUAGE_STANDARD = gnu11;
				GCC_DYNAMIC_NO_PIC = NO;
				GCC_NO_COMMON_BLOCKS = YES;
				GCC_OPTIMIZATION_LEVEL = 0;
				GCC_PREPROCESSOR_DEFINITIONS = (
					"DEBUG=1",
					"$(inherited)",
				);
				GCC_WARN_64_TO_32_BIT_CONVERSION = YES;
				GCC_WARN_ABOUT_RETURN_TYPE = YES_ERROR;
				GCC_WARN_UNDECLARED_SELECTOR = YES;
				GCC_WARN_UNINITIALIZED_AUTOS = YES_AGGRESSIVE;
				GCC_WARN_UNUSED_FUNCTION = YES;
				GCC_WARN_UNUSED_VARIABLE = YES;
				IPHONEOS_DEPLOYMENT_TARGET = 12.1;
				MTL_ENABLE_DEBUG_INFO = INCLUDE_SOURCE;
				MTL_FAST_MATH = YES;
				ONLY_ACTIVE_ARCH = YES;
				SDKROOT = iphoneos;
			};
			name = Debug;
		};
		38F4041821FED2EE006F9E43 /* Release */ = {
			isa = XCBuildConfiguration;
			buildSettings = {
				ALWAYS_SEARCH_USER_PATHS = NO;
				CLANG_ANALYZER_NONNULL = YES;
				CLANG_ANALYZER_NUMBER_OBJECT_CONVERSION = YES_AGGRESSIVE;
				CLANG_CXX_LANGUAGE_STANDARD = "gnu++14";
				CLANG_CXX_LIBRARY = "libc++";
				CLANG_ENABLE_MODULES = YES;
				CLANG_ENABLE_OBJC_ARC = YES;
				CLANG_ENABLE_OBJC_WEAK = YES;
				CLANG_WARN_BLOCK_CAPTURE_AUTORELEASING = YES;
				CLANG_WARN_BOOL_CONVERSION = YES;
				CLANG_WARN_COMMA = YES;
				CLANG_WARN_CONSTANT_CONVERSION = YES;
				CLANG_WARN_DEPRECATED_OBJC_IMPLEMENTATIONS = YES;
				CLANG_WARN_DIRECT_OBJC_ISA_USAGE = YES_ERROR;
				CLANG_WARN_DOCUMENTATION_COMMENTS = YES;
				CLANG_WARN_EMPTY_BODY = YES;
				CLANG_WARN_ENUM_CONVERSION = YES;
				CLANG_WARN_INFINITE_RECURSION = YES;
				CLANG_WARN_INT_CONVERSION = YES;
				CLANG_WARN_NON_LITERAL_NULL_CONVERSION = YES;
				CLANG_WARN_OBJC_IMPLICIT_RETAIN_SELF = YES;
				CLANG_WARN_OBJC_LITERAL_CONVERSION = YES;
				CLANG_WARN_OBJC_ROOT_CLASS = YES_ERROR;
				CLANG_WARN_RANGE_LOOP_ANALYSIS = YES;
				CLANG_WARN_STRICT_PROTOTYPES = YES;
				CLANG_WARN_SUSPICIOUS_MOVE = YES;
				CLANG_WARN_UNGUARDED_AVAILABILITY = YES_AGGRESSIVE;
				CLANG_WARN_UNREACHABLE_CODE = YES;
				CLANG_WARN__DUPLICATE_METHOD_MATCH = YES;
				CODE_SIGN_IDENTITY = "iPhone Developer";
				COPY_PHASE_STRIP = NO;
				DEBUG_INFORMATION_FORMAT = "dwarf-with-dsym";
				ENABLE_NS_ASSERTIONS = NO;
				ENABLE_STRICT_OBJC_MSGSEND = YES;
				GCC_C_LANGUAGE_STANDARD = gnu11;
				GCC_NO_COMMON_BLOCKS = YES;
				GCC_WARN_64_TO_32_BIT_CONVERSION = YES;
				GCC_WARN_ABOUT_RETURN_TYPE = YES_ERROR;
				GCC_WARN_UNDECLARED_SELECTOR = YES;
				GCC_WARN_UNINITIALIZED_AUTOS = YES_AGGRESSIVE;
				GCC_WARN_UNUSED_FUNCTION = YES;
				GCC_WARN_UNUSED_VARIABLE = YES;
				IPHONEOS_DEPLOYMENT_TARGET = 12.1;
				MTL_ENABLE_DEBUG_INFO = NO;
				MTL_FAST_MATH = YES;
				SDKROOT = iphoneos;
				VALIDATE_PRODUCT = YES;
			};
			name = Release;
		};
		38F4041A21FED2EE006F9E43 /* Debug */ = {
			isa = XCBuildConfiguration;
			buildSettings = {
				ASSETCATALOG_COMPILER_APPICON_NAME = AppIcon;
				CODE_SIGN_STYLE = Automatic;
				DEVELOPMENT_TEAM = 9C2ZU8EB9V;
				INFOPLIST_FILE = RecordMixerText/Info.plist;
				IPHONEOS_DEPLOYMENT_TARGET = 10.0;
				LD_RUNPATH_SEARCH_PATHS = (
					"$(inherited)",
					"@executable_path/Frameworks",
				);
				PRODUCT_BUNDLE_IDENTIFIER = xingTu.RecordMixerText;
				PRODUCT_NAME = "$(TARGET_NAME)";
				TARGETED_DEVICE_FAMILY = "1,2";
			};
			name = Debug;
		};
		38F4041B21FED2EE006F9E43 /* Release */ = {
			isa = XCBuildConfiguration;
			buildSettings = {
				ASSETCATALOG_COMPILER_APPICON_NAME = AppIcon;
				CODE_SIGN_STYLE = Automatic;
				DEVELOPMENT_TEAM = 9C2ZU8EB9V;
				INFOPLIST_FILE = RecordMixerText/Info.plist;
				IPHONEOS_DEPLOYMENT_TARGET = 10.0;
				LD_RUNPATH_SEARCH_PATHS = (
					"$(inherited)",
					"@executable_path/Frameworks",
				);
				PRODUCT_BUNDLE_IDENTIFIER = xingTu.RecordMixerText;
				PRODUCT_NAME = "$(TARGET_NAME)";
				TARGETED_DEVICE_FAMILY = "1,2";
			};
			name = Release;
		};
/* End XCBuildConfiguration section */

/* Begin XCConfigurationList section */
		38F403FE21FED2ED006F9E43 /* Build configuration list for PBXProject "RecordMixerText" */ = {
			isa = XCConfigurationList;
			buildConfigurations = (
				38F4041721FED2EE006F9E43 /* Debug */,
				38F4041821FED2EE006F9E43 /* Release */,
			);
			defaultConfigurationIsVisible = 0;
			defaultConfigurationName = Release;
		};
		38F4041921FED2EE006F9E43 /* Build configuration list for PBXNativeTarget "RecordMixerText" */ = {
			isa = XCConfigurationList;
			buildConfigurations = (
				38F4041A21FED2EE006F9E43 /* Debug */,
				38F4041B21FED2EE006F9E43 /* Release */,
			);
			defaultConfigurationIsVisible = 0;
			defaultConfigurationName = Release;
		};
/* End XCConfigurationList section */
	};
	rootObject = 38F403FB21FED2ED006F9E43 /* Project object */;
}
